
Microsoft Visual Studio Solution File, Format Version 12.00
# Visual Studio Version 17
VisualStudioVersion = 17.14.36414.22 d17.14
MinimumVisualStudioVersion = 10.0.40219.1
Project("{FAE04EC0-301F-11D3-BF4B-00C04F79EFBC}") = "Koves.UserOrder.WebApi", "Koves.UserOrder.WebApi.csproj", "{A193E3C7-EEEA-457A-9609-3899375936F6}"
EndProject
Global
	GlobalSection(SolutionConfigurationPlatforms) = preSolution
		Debug|Any CPU = Debug|Any CPU
		Release|Any CPU = Release|Any CPU
	EndGlobalSection
	GlobalSection(ProjectConfigurationPlatforms) = postSolution
		{A193E3C7-EEEA-457A-9609-3899375936F6}.Debug|Any CPU.ActiveCfg = Debug|Any CPU
		{A193E3C7-EEEA-457A-9609-3899375936F6}.Debug|Any CPU.Build.0 = Debug|Any CPU
		{A193E3C7-EEEA-457A-9609-3899375936F6}.Release|Any CPU.ActiveCfg = Release|Any CPU
		{A193E3C7-EEEA-457A-9609-3899375936F6}.Release|Any CPU.Build.0 = Release|Any CPU
	EndGlobalSection
	GlobalSection(SolutionProperties) = preSolution
		HideSolutionNode = FALSE
	EndGlobalSection
	GlobalSection(ExtensibilityGlobals) = postSolution
		SolutionGuid = {C3FE73F1-FB6A-430A-B567-F7F799A09F9E}
	EndGlobalSection
EndGlobal
